# GENERATED FILE. DO NOT EDIT.
# This file is generated by 'studio pull' and ensures reproducible builds.
# Commit this file to version control.

version = 2
generated_at = "2026-07-23T07:42:33Z"
cli_version = "dev"

[[dependencies]]
  name = "core"
  project = "55665626-44b2-4c69-9b97-825547f29e1f"
  ref_type = "branch"
  ref_name = "main"
  content_hash = "sha256:cfe6a6583752fbcbbebd47f61e4b79f3e3cefc9e83be1e255f36c52bac7fad0b"
  updated_at = "2026-07-23T07:42:33Z"

  [[dependencies.files]]
    path = "$metadata.json"
    hash = "sha256:9aba5f46b5d6089de4bb7c713f8df8d2777a2e69bc151e264db5348f19184a47"
    size = 233
    tokens = 0
    modified_at = "2026-07-23T07:42:33Z"

  [[dependencies.files]]
    path = "$themes.json"
    hash = "sha256:3a9542c0f2d0433efb141c32b83bbb2b8a931fb66166762b6a4e795f34257b08"
    size = 1561
    tokens = 0
    modified_at = "2026-07-23T07:42:33Z"

  [[dependencies.files]]
    path = "base/colors.json"
    hash = "sha256:dc09b76b81bec74e9f73ed7443ff128aeeb05b70bd507fbcfdbfcb588b78c588"
    size = 10354
    tokens = 0
    modified_at = "2026-07-23T07:42:33Z"

  [[dependencies.files]]
    path = "base/typography.json"
    hash = "sha256:a6260908c2ba173f116f8217862c6cacf88a6084a00fae4076f9329c748dc1e4"
    size = 745
    tokens = 0
    modified_at = "2026-07-23T07:42:33Z"

  [[dependencies.files]]
    path = "component/button.json"
    hash = "sha256:681bfd43a491f4ad27cd5e3f6c470e56e6c6d91bd0a1239bef970b832cee673c"
    size = 234
    tokens = 0
    modified_at = "2026-07-23T07:42:33Z"

  [[dependencies.files]]
    path = "component/colors.json"
    hash = "sha256:71e24493ea2fae8fe84786f0c7a0e670d90903ecd2a8c5fd1ff8332d629568f1"
    size = 24731
    tokens = 0
    modified_at = "2026-07-23T07:42:33Z"

  [[dependencies.files]]
    path = "semantic/colors-dark.json"
    hash = "sha256:28b8d129dc3ec788840f8ec57fec0b5dc30e5a7f875a1fa5b73746c944c8943e"
    size = 401
    tokens = 0
    modified_at = "2026-07-23T07:42:33Z"

  [[dependencies.files]]
    path = "semantic/colors.json"
    hash = "sha256:81e9d4f1c2c3880d5ee24f774e8851fafa951df71bfb225cb6f1db51eff96514"
    size = 9222
    tokens = 0
    modified_at = "2026-07-23T07:42:33Z"

  [[dependencies.files]]
    path = "semantic/typography/SR.json"
    hash = "sha256:220ba675f5180022d51ae1c301229b4fb50b6ce009e5ff5ea4e92d0ef00571e7"
    size = 506
    tokens = 0
    modified_at = "2026-07-23T07:42:33Z"

  [[dependencies.files]]
    path = "semantic/typography/default.json"
    hash = "sha256:5e5464fa31886b1fa47c1ff02727e411e089d8d7850b669f671ae1441214b011"
    size = 498
    tokens = 0
    modified_at = "2026-07-23T07:42:33Z"

[integrity]
  lockfile_hash = "sha256:0431fc6bbd1d0cc2feb0b52ad596584e631366348458287474be0a56b8890ca6"
  algorithm = "sha256"
